
Microsoft Visual Studio Solution File, Format Version 12.00
# Visual Studio Version 17
VisualStudioVersion = 17.11.35222.181
MinimumVisualStudioVersion = 10.0.40219.1
Project("{FAE04EC0-301F-11D3-BF4B-00C04F79EFBC}") = "MVCProject", "MVCProject\MVCProject.csproj", "{7C7A9640-9A64-4699-A024-7DA6DE7D6118}"
EndProject
Global
	GlobalSection(SolutionConfigurationPlatforms) = preSolution
		Debug|Any CPU = Debug|Any CPU
		Release|Any CPU = Release|Any CPU
	EndGlobalSection
	GlobalSection(ProjectConfigurationPlatforms) = postSolution
		{7C7A9640-9A64-4699-A024-7DA6DE7D6118}.Debug|Any CPU.ActiveCfg = Debug|Any CPU
		{7C7A9640-9A64-4699-A024-7DA6DE7D6118}.Debug|Any CPU.Build.0 = Debug|Any CPU
		{7C7A9640-9A64-4699-A024-7DA6DE7D6118}.Release|Any CPU.ActiveCfg = Release|Any CPU
		{7C7A9640-9A64-4699-A024-7DA6DE7D6118}.Release|Any CPU.Build.0 = Release|Any CPU
	EndGlobalSection
	GlobalSection(SolutionProperties) = preSolution
		HideSolutionNode = FALSE
	EndGlobalSection
	GlobalSection(ExtensibilityGlobals) = postSolution
		SolutionGuid = {0C10010E-6D81-4A8D-91F9-C829536EF30E}
	EndGlobalSection
EndGlobal
